
Microsoft Visual Studio Solution File, Format Version 12.00
# Visual Studio Version 16
VisualStudioVersion = 16.0.30611.23
MinimumVisualStudioVersion = 10.0.40219.1
Project("{FAE04EC0-301F-11D3-BF4B-00C04F79EFBC}") = "oblig1mod3", "oblig1mod3\oblig1mod3.csproj", "{70952CF4-9C80-47B0-95BC-38BED69D4487}"
EndProject
Project("{FAE04EC0-301F-11D3-BF4B-00C04F79EFBC}") = "personTest2", "personTest2\personTest2.csproj", "{C553EC73-257B-427A-A4CC-21529AC72BD1}"
	ProjectSection(ProjectDependencies) = postProject
		{70952CF4-9C80-47B0-95BC-38BED69D4487} = {70952CF4-9C80-47B0-95BC-38BED69D4487}
	EndProjectSection
EndProject
Global
	GlobalSection(SolutionConfigurationPlatforms) = preSolution
		Debug|Any CPU = Debug|Any CPU
		Release|Any CPU = Release|Any CPU
	EndGlobalSection
	GlobalSection(ProjectConfigurationPlatforms) = postSolution
		{70952CF4-9C80-47B0-95BC-38BED69D4487}.Debug|Any CPU.ActiveCfg = Debug|Any CPU
		{70952CF4-9C80-47B0-95BC-38BED69D4487}.Debug|Any CPU.Build.0 = Debug|Any CPU
		{70952CF4-9C80-47B0-95BC-38BED69D4487}.Release|Any CPU.ActiveCfg = Release|Any CPU
		{70952CF4-9C80-47B0-95BC-38BED69D4487}.Release|Any CPU.Build.0 = Release|Any CPU
		{C553EC73-257B-427A-A4CC-21529AC72BD1}.Debug|Any CPU.ActiveCfg = Debug|Any CPU
		{C553EC73-257B-427A-A4CC-21529AC72BD1}.Debug|Any CPU.Build.0 = Debug|Any CPU
		{C553EC73-257B-427A-A4CC-21529AC72BD1}.Release|Any CPU.ActiveCfg = Release|Any CPU
		{C553EC73-257B-427A-A4CC-21529AC72BD1}.Release|Any CPU.Build.0 = Release|Any CPU
	EndGlobalSection
	GlobalSection(SolutionProperties) = preSolution
		HideSolutionNode = FALSE
	EndGlobalSection
	GlobalSection(ExtensibilityGlobals) = postSolution
		SolutionGuid = {22451EFD-2535-4C24-B32F-57EEDFF9BA82}
	EndGlobalSection
EndGlobal
